// !$*UTF8*$!
{
	archiveVersion = 1;
	classes = {
	};
	objectVersion = 50;
	objects = {

/* Begin PBXBuildFile section */
		7F6931AB25438BD600EA36EF /* user.swift in Sources */ = {isa = PBXBuildFile; fileRef = 7F6931AA25438BD600EA36EF /* user.swift */; };
		7F6931B325441B9A00EA36EF /* SelfViewController.swift in Sources */ = {isa = PBXBuildFile; fileRef = 7F6931B225441B9A00EA36EF /* SelfViewController.swift */; };
		7F9192852542307100EC8793 /* AppDelegate.swift in Sources */ = {isa = PBXBuildFile; fileRef = 7F9192842542307100EC8793 /* AppDelegate.swift */; };
		7F9192872542307100EC8793 /* SceneDelegate.swift in Sources */ = {isa = PBXBuildFile; fileRef = 7F9192862542307100EC8793 /* SceneDelegate.swift */; };
		7F9192892542307100EC8793 /* ViewController.swift in Sources */ = {isa = PBXBuildFile; fileRef = 7F9192882542307100EC8793 /* ViewController.swift */; };
		7F91928C2542307100EC8793 /* Main.storyboard in Resources */ = {isa = PBXBuildFile; fileRef = 7F91928A2542307100EC8793 /* Main.storyboard */; };
		7F91928E2542307600EC8793 /* Assets.xcassets in Resources */ = {isa = PBXBuildFile; fileRef = 7F91928D2542307600EC8793 /* Assets.xcassets */; };
		7F9192912542307600EC8793 /* LaunchScreen.storyboard in Resources */ = {isa = PBXBuildFile; fileRef = 7F91928F2542307600EC8793 /* LaunchScreen.storyboard */; };
/* End PBXBuildFile section */

/* Begin PBXFileReference section */
		7F6931AA25438BD600EA36EF /* user.swift */ = {isa = PBXFileReference; lastKnownFileType = sourcecode.swift; path = user.swift; sourceTree = "<group>"; };
		7F6931B225441B9A00EA36EF /* SelfViewController.swift */ = {isa = PBXFileReference; lastKnownFileType = sourcecode.swift; path = SelfViewController.swift; sourceTree = "<group>"; };
		7F9192812542307100EC8793 /* HW4-login.app */ = {isa = PBXFileReference; explicitFileType = wrapper.application; includeInIndex = 0; path = "HW4-login.app"; sourceTree = BUILT_PRODUCTS_DIR; };
		7F9192842542307100EC8793 /* AppDelegate.swift */ = {isa = PBXFileReference; lastKnownFileType = sourcecode.swift; path = AppDelegate.swift; sourceTree = "<group>"; };
		7F9192862542307100EC8793 /* SceneDelegate.swift */ = {isa = PBXFileReference; lastKnownFileType = sourcecode.swift; path = SceneDelegate.swift; sourceTree = "<group>"; };
		7F9192882542307100EC8793 /* ViewController.swift */ = {isa = PBXFileReference; lastKnownFileType = sourcecode.swift; path = ViewController.swift; sourceTree = "<group>"; };
		7F91928B2542307100EC8793 /* Base */ = {isa = PBXFileReference; lastKnownFileType = file.storyboard; name = Base; path = Base.lproj/Main.storyboard; sourceTree = "<group>"; };
		7F91928D2542307600EC8793 /* Assets.xcassets */ = {isa = PBXFileReference; lastKnownFileType = folder.assetcatalog; path = Assets.xcassets; sourceTree = "<group>"; };
		7F9192902542307600EC8793 /* Base */ = {isa = PBXFileReference; lastKnownFileType = file.storyboard; name = Base; path = Base.lproj/LaunchScreen.storyboard; sourceTree = "<group>"; };
		7F9192922542307600EC8793 /* Info.plist */ = {isa = PBXFileReference; lastKnownFileType = text.plist.xml; path = Info.plist; sourceTree = "<group>"; };
/* End PBXFileReference section */

/* Begin PBXFrameworksBuildPhase section */
		7F91927E2542307000EC8793 /* Frameworks */ = {
			isa = PBXFrameworksBuildPhase;
			buildActionMask = 2147483647;
			files = (
			);
			runOnlyForDeploymentPostprocessing = 0;
		};
/* End PBXFrameworksBuildPhase section */

/* Begin PBXGroup section */
		7F9192782542307000EC8793 = {
			isa = PBXGroup;
			children = (
				7F9192832542307100EC8793 /* HW4-login */,
				7F9192822542307100EC8793 /* Products */,
			);
			sourceTree = "<group>";
		};
		7F9192822542307100EC8793 /* Products */ = {
			isa = PBXGroup;
			children = (
				7F9192812542307100EC8793 /* HW4-login.app */,
			);
			name = Products;
			sourceTree = "<group>";
		};
		7F9192832542307100EC8793 /* HW4-login */ = {
			isa = PBXGroup;
			children = (
				7F91929A2542329900EC8793 /* ViewControllers */,
				7F91929E2542342300EC8793 /* Storyboards */,
				7F9192A4254237E900EC8793 /* Models */,
				7F9192A0254235CE00EC8793 /* Supporting Files */,
				7F9192A3254237C600EC8793 /* Resourses */,
			);
			path = "HW4-login";
			sourceTree = "<group>";
		};
		7F91929A2542329900EC8793 /* ViewControllers */ = {
			isa = PBXGroup;
			children = (
				7F9192882542307100EC8793 /* ViewController.swift */,
				7F6931B225441B9A00EA36EF /* SelfViewController.swift */,
			);
			path = ViewControllers;
			sourceTree = "<group>";
		};
		7F91929E2542342300EC8793 /* Storyboards */ = {
			isa = PBXGroup;
			children = (
				7F91928A2542307100EC8793 /* Main.storyboard */,
				7F91928F2542307600EC8793 /* LaunchScreen.storyboard */,
			);
			path = Storyboards;
			sourceTree = "<group>";
		};
		7F9192A0254235CE00EC8793 /* Supporting Files */ = {
			isa = PBXGroup;
			children = (
				7F9192842542307100EC8793 /* AppDelegate.swift */,
				7F9192862542307100EC8793 /* SceneDelegate.swift */,
				7F9192922542307600EC8793 /* Info.plist */,
			);
			path = "Supporting Files";
			sourceTree = "<group>";
		};
		7F9192A3254237C600EC8793 /* Resourses */ = {
			isa = PBXGroup;
			children = (
				7F91928D2542307600EC8793 /* Assets.xcassets */,
			);
			path = Resourses;
			sourceTree = "<group>";
		};
		7F9192A4254237E900EC8793 /* Models */ = {
			isa = PBXGroup;
			children = (
				7F6931AA25438BD600EA36EF /* user.swift */,
			);
			path = Models;
			sourceTree = "<group>";
		};
/* End PBXGroup section */

/* Begin PBXNativeTarget section */
		7F9192802542307000EC8793 /* HW4-login */ = {
			isa = PBXNativeTarget;
			buildConfigurationList = 7F9192952542307600EC8793 /* Build configuration list for PBXNativeTarget "HW4-login" */;
			buildPhases = (
				7F91927D2542307000EC8793 /* Sources */,
				7F91927E2542307000EC8793 /* Frameworks */,
				7F91927F2542307000EC8793 /* Resources */,
			);
			buildRules = (
			);
			dependencies = (
			);
			name = "HW4-login";
			productName = "HW4-login";
			productReference = 7F9192812542307100EC8793 /* HW4-login.app */;
			productType = "com.apple.product-type.application";
		};
/* End PBXNativeTarget section */

/* Begin PBXProject section */
		7F9192792542307000EC8793 /* Project object */ = {
			isa = PBXProject;
			attributes = {
				LastSwiftUpdateCheck = 1210;
				LastUpgradeCheck = 1210;
				TargetAttributes = {
					7F9192802542307000EC8793 = {
						CreatedOnToolsVersion = 12.1;
					};
				};
			};
			buildConfigurationList = 7F91927C2542307000EC8793 /* Build configuration list for PBXProject "HW4-login" */;
			compatibilityVersion = "Xcode 9.3";
			developmentRegion = en;
			hasScannedForEncodings = 0;
			knownRegions = (
				en,
				Base,
			);
			mainGroup = 7F9192782542307000EC8793;
			productRefGroup = 7F9192822542307100EC8793 /* Products */;
			projectDirPath = "";
			projectRoot = "";
			targets = (
				7F9192802542307000EC8793 /* HW4-login */,
			);
		};
/* End PBXProject section */

/* Begin PBXResourcesBuildPhase section */
		7F91927F2542307000EC8793 /* Resources */ = {
			isa = PBXResourcesBuildPhase;
			buildActionMask = 2147483647;
			files = (
				7F9192912542307600EC8793 /* LaunchScreen.storyboard in Resources */,
				7F91928E2542307600EC8793 /* Assets.xcassets in Resources */,
				7F91928C2542307100EC8793 /* Main.storyboard in Resources */,
			);
			runOnlyForDeploymentPostprocessing = 0;
		};
/* End PBXResourcesBuildPhase section */

/* Begin PBXSourcesBuildPhase section */
		7F91927D2542307000EC8793 /* Sources */ = {
			isa = PBXSourcesBuildPhase;
			buildActionMask = 2147483647;
			files = (
				7F6931AB25438BD600EA36EF /* user.swift in Sources */,
				7F9192892542307100EC8793 /* ViewController.swift in Sources */,
				7F9192852542307100EC8793 /* AppDelegate.swift in Sources */,
				7F6931B325441B9A00EA36EF /* SelfViewController.swift in Sources */,
				7F9192872542307100EC8793 /* SceneDelegate.swift in Sources */,
			);
			runOnlyForDeploymentPostprocessing = 0;
		};
/* End PBXSourcesBuildPhase section */

/* Begin PBXVariantGroup section */
		7F91928A2542307100EC8793 /* Main.storyboard */ = {
			isa = PBXVariantGroup;
			children = (
				7F91928B2542307100EC8793 /* Base */,
			);
			name = Main.storyboard;
			sourceTree = "<group>";
		};
		7F91928F2542307600EC8793 /* LaunchScreen.storyboard */ = {
			isa = PBXVariantGroup;
			children = (
				7F9192902542307600EC8793 /* Base */,
			);
			name = LaunchScreen.storyboard;
			sourceTree = "<group>";
		};
/* End PBXVariantGroup section */

/* Begin XCBuildConfiguration section */
		7F9192932542307600EC8793 /* Debug */ = {
			isa = XCBuildConfiguration;
			buildSettings = {
				ALWAYS_SEARCH_USER_PATHS = NO;
				CLANG_ANALYZER_NONNULL = YES;
				CLANG_ANALYZER_NUMBER_OBJECT_CONVERSION = YES_AGGRESSIVE;
				CLANG_CXX_LANGUAGE_STANDARD = "gnu++14";
				CLANG_CXX_LIBRARY = "libc++";
				CLANG_ENABLE_MODULES = YES;
				CLANG_ENABLE_OBJC_ARC = YES;
				CLANG_ENABLE_OBJC_WEAK = YES;
				CLANG_WARN_BLOCK_CAPTURE_AUTORELEASING = YES;
				CLANG_WARN_BOOL_CONVERSION = YES;
				CLANG_WARN_COMMA = YES;
				CLANG_WARN_CONSTANT_CONVERSION = YES;
				CLANG_WARN_DEPRECATED_OBJC_IMPLEMENTATIONS = YES;
				CLANG_WARN_DIRECT_OBJC_ISA_USAGE = YES_ERROR;
				CLANG_WARN_DOCUMENTATION_COMMENTS = YES;
				CLANG_WARN_EMPTY_BODY = YES;
				CLANG_WARN_ENUM_CONVERSION = YES;
				CLANG_WARN_INFINITE_RECURSION = YES;
				CLANG_WARN_INT_CONVERSION = YES;
				CLANG_WARN_NON_LITERAL_NULL_CONVERSION = YES;
				CLANG_WARN_OBJC_IMPLICIT_RETAIN_SELF = YES;
				CLANG_WARN_OBJC_LITERAL_CONVERSION = YES;
				CLANG_WARN_OBJC_ROOT_CLASS = YES_ERROR;
				CLANG_WARN_QUOTED_INCLUDE_IN_FRAMEWORK_HEADER = YES;
				CLANG_WARN_RANGE_LOOP_ANALYSIS = YES;
				CLANG_WARN_STRICT_PROTOTYPES = YES;
				CLANG_WARN_SUSPICIOUS_MOVE = YES;
				CLANG_WARN_UNGUARDED_AVAILABILITY = YES_AGGRESSIVE;
				CLANG_WARN_UNREACHABLE_CODE = YES;
				CLANG_WARN__DUPLICATE_METHOD_MATCH = YES;
				COPY_PHASE_STRIP = NO;
				DEBUG_INFORMATION_FORMAT = dwarf;
				ENABLE_STRICT_OBJC_MSGSEND = YES;
				ENABLE_TESTABILITY = YES;
				GCC_C_LANGUAGE_STANDARD = gnu11;
				GCC_DYNAMIC_NO_PIC = NO;
				GCC_NO_COMMON_BLOCKS = YES;
				GCC_OPTIMIZATION_LEVEL = 0;
				GCC_PREPROCESSOR_DEFINITIONS = (
					"DEBUG=1",
					"$(inherited)",
				);
				GCC_WARN_64_TO_32_BIT_CONVERSION = YES;
				GCC_WARN_ABOUT_RETURN_TYPE = YES_ERROR;
				GCC_WARN_UNDECLARED_SELECTOR = YES;
				GCC_WARN_UNINITIALIZED_AUTOS = YES_AGGRESSIVE;
				GCC_WARN_UNUSED_FUNCTION = YES;
				GCC_WARN_UNUSED_VARIABLE = YES;
				IPHONEOS_DEPLOYMENT_TARGET = 14.1;
				MTL_ENABLE_DEBUG_INFO = INCLUDE_SOURCE;
				MTL_FAST_MATH = YES;
				ONLY_ACTIVE_ARCH = YES;
				SDKROOT = iphoneos;
				SWIFT_ACTIVE_COMPILATION_CONDITIONS = DEBUG;
				SWIFT_OPTIMIZATION_LEVEL = "-Onone";
			};
			name = Debug;
		};
		7F9192942542307600EC8793 /* Release */ = {
			isa = XCBuildConfiguration;
			buildSettings = {
				ALWAYS_SEARCH_USER_PATHS = NO;
				CLANG_ANALYZER_NONNULL = YES;
				CLANG_ANALYZER_NUMBER_OBJECT_CONVERSION = YES_AGGRESSIVE;
				CLANG_CXX_LANGUAGE_STANDARD = "gnu++14";
				CLANG_CXX_LIBRARY = "libc++";
				CLANG_ENABLE_MODULES = YES;
				CLANG_ENABLE_OBJC_ARC = YES;
				CLANG_ENABLE_OBJC_WEAK = YES;
				CLANG_WARN_BLOCK_CAPTURE_AUTORELEASING = YES;
				CLANG_WARN_BOOL_CONVERSION = YES;
				CLANG_WARN_COMMA = YES;
				CLANG_WARN_CONSTANT_CONVERSION = YES;
				CLANG_WARN_DEPRECATED_OBJC_IMPLEMENTATIONS = YES;
				CLANG_WARN_DIRECT_OBJC_ISA_USAGE = YES_ERROR;
				CLANG_WARN_DOCUMENTATION_COMMENTS = YES;
				CLANG_WARN_EMPTY_BODY = YES;
				CLANG_WARN_ENUM_CONVERSION = YES;
				CLANG_WARN_INFINITE_RECURSION = YES;
				CLANG_WARN_INT_CONVERSION = YES;
				CLANG_WARN_NON_LITERAL_NULL_CONVERSION = YES;
				CLANG_WARN_OBJC_IMPLICIT_RETAIN_SELF = YES;
				CLANG_WARN_OBJC_LITERAL_CONVERSION = YES;
				CLANG_WARN_OBJC_ROOT_CLASS = YES_ERROR;
				CLANG_WARN_QUOTED_INCLUDE_IN_FRAMEWORK_HEADER = YES;
				CLANG_WARN_RANGE_LOOP_ANALYSIS = YES;
				CLANG_WARN_STRICT_PROTOTYPES = YES;
				CLANG_WARN_SUSPICIOUS_MOVE = YES;
				CLANG_WARN_UNGUARDED_AVAILABILITY = YES_AGGRESSIVE;
				CLANG_WARN_UNREACHABLE_CODE = YES;
				CLANG_WARN__DUPLICATE_METHOD_MATCH = YES;
				COPY_PHASE_STRIP = NO;
				DEBUG_INFORMATION_FORMAT = "dwarf-with-dsym";
				ENABLE_NS_ASSERTIONS = NO;
				ENABLE_STRICT_OBJC_MSGSEND = YES;
				GCC_C_LANGUAGE_STANDARD = gnu11;
				GCC_NO_COMMON_BLOCKS = YES;
				GCC_WARN_64_TO_32_BIT_CONVERSION = YES;
				GCC_WARN_ABOUT_RETURN_TYPE = YES_ERROR;
				GCC_WARN_UNDECLARED_SELECTOR = YES;
				GCC_WARN_UNINITIALIZED_AUTOS = YES_AGGRESSIVE;
				GCC_WARN_UNUSED_FUNCTION = YES;
				GCC_WARN_UNUSED_VARIABLE = YES;
				IPHONEOS_DEPLOYMENT_TARGET = 14.1;
				MTL_ENABLE_DEBUG_INFO = NO;
				MTL_FAST_MATH = YES;
				SDKROOT = iphoneos;
				SWIFT_COMPILATION_MODE = wholemodule;
				SWIFT_OPTIMIZATION_LEVEL = "-O";
				VALIDATE_PRODUCT = YES;
			};
			name = Release;
		};
		7F9192962542307600EC8793 /* Debug */ = {
			isa = XCBuildConfiguration;
			buildSettings = {
				ASSETCATALOG_COMPILER_APPICON_NAME = AppIcon;
				ASSETCATALOG_COMPILER_GLOBAL_ACCENT_COLOR_NAME = AccentColor;
				CODE_SIGN_STYLE = Automatic;
				DEVELOPMENT_TEAM = WM9XM3NC73;
				INFOPLIST_FILE = "HW4-login/Supporting Files/Info.plist";
				LD_RUNPATH_SEARCH_PATHS = (
					"$(inherited)",
					"@executable_path/Frameworks",
				);
				PRODUCT_BUNDLE_IDENTIFIER = "Tokarev-Dmitry.HW4-login";
				PRODUCT_NAME = "$(TARGET_NAME)";
				SWIFT_VERSION = 5.0;
				TARGETED_DEVICE_FAMILY = 1;
			};
			name = Debug;
		};
		7F9192972542307600EC8793 /* Release */ = {
			isa = XCBuildConfiguration;
			buildSettings = {
				ASSETCATALOG_COMPILER_APPICON_NAME = AppIcon;
				ASSETCATALOG_COMPILER_GLOBAL_ACCENT_COLOR_NAME = AccentColor;
				CODE_SIGN_STYLE = Automatic;
				DEVELOPMENT_TEAM = WM9XM3NC73;
				INFOPLIST_FILE = "HW4-login/Supporting Files/Info.plist";
				LD_RUNPATH_SEARCH_PATHS = (
					"$(inherited)",
					"@executable_path/Frameworks",
				);
				PRODUCT_BUNDLE_IDENTIFIER = "Tokarev-Dmitry.HW4-login";
				PRODUCT_NAME = "$(TARGET_NAME)";
				SWIFT_VERSION = 5.0;
				TARGETED_DEVICE_FAMILY = 1;
			};
			name = Release;
		};
/* End XCBuildConfiguration section */

/* Begin XCConfigurationList section */
		7F91927C2542307000EC8793 /* Build configuration list for PBXProject "HW4-login" */ = {
			isa = XCConfigurationList;
			buildConfigurations = (
				7F9192932542307600EC8793 /* Debug */,
				7F9192942542307600EC8793 /* Release */,
			);
			defaultConfigurationIsVisible = 0;
			defaultConfigurationName = Release;
		};
		7F9192952542307600EC8793 /* Build configuration list for PBXNativeTarget "HW4-login" */ = {
			isa = XCConfigurationList;
			buildConfigurations = (
				7F9192962542307600EC8793 /* Debug */,
				7F9192972542307600EC8793 /* Release */,
			);
			defaultConfigurationIsVisible = 0;
			defaultConfigurationName = Release;
		};
/* End XCConfigurationList section */
	};
	rootObject = 7F9192792542307000EC8793 /* Project object */;
}
